
Microsoft Visual Studio Solution File, Format Version 12.00
# Visual Studio 2013
VisualStudioVersion = 12.0.30723.0
MinimumVisualStudioVersion = 10.0.40219.1
Project("{FAE04EC0-301F-11D3-BF4B-00C04F79EFBC}") = "FBC.Northwind.WebUI", "FBC.Northwind.WebUI\FBC.Northwind.WebUI.csproj", "{0BB97FCC-9930-4264-838B-9D4FE973DDAA}"
EndProject
Project("{FAE04EC0-301F-11D3-BF4B-00C04F79EFBC}") = "FBC.Northwind.WebUI.Tests", "FBC.Northwind.WebUI.Tests\FBC.Northwind.WebUI.Tests.csproj", "{FF918D37-F2EC-4C6C-B1A6-D687031A35C0}"
EndProject
Project("{2150E333-8FDC-42A3-9474-1A3956D46DE8}") = "01 Solution Items", "01 Solution Items", "{751B7518-4547-4194-B6E0-4D523C129E29}"
EndProject
Project("{2150E333-8FDC-42A3-9474-1A3956D46DE8}") = "02 Clients", "02 Clients", "{CA16AD14-BB25-42DC-AEC6-BD8C1980A23A}"
EndProject
Project("{2150E333-8FDC-42A3-9474-1A3956D46DE8}") = "03 Business Inrefaces", "03 Business Inrefaces", "{864EB9F3-DA5A-44FE-A258-A910AA7C83B7}"
EndProject
Project("{2150E333-8FDC-42A3-9474-1A3956D46DE8}") = "04 Repository Interfaces", "04 Repository Interfaces", "{8DF604B4-B8C3-48A6-8E5C-DFD1AC91C18B}"
EndProject
Project("{2150E333-8FDC-42A3-9474-1A3956D46DE8}") = "05 Domain Entities", "05 Domain Entities", "{716FA5DF-6284-4EA2-A58E-4D12DF80A56A}"
EndProject
Project("{2150E333-8FDC-42A3-9474-1A3956D46DE8}") = "06 -----------------------", "06 -----------------------", "{82B30DFD-61C0-4085-AE65-B3ABC50EF649}"
EndProject
Project("{2150E333-8FDC-42A3-9474-1A3956D46DE8}") = "07 DependencyResolverWeb", "07 DependencyResolverWeb", "{FEDFEE20-E9C4-4AE9-A03B-1102E6410D4C}"
EndProject
Project("{2150E333-8FDC-42A3-9474-1A3956D46DE8}") = "08 Dependancies", "08 Dependancies", "{3F73FF24-BE0C-463E-BDCF-9BA93CD90E5C}"
EndProject
Project("{2150E333-8FDC-42A3-9474-1A3956D46DE8}") = "00 Common", "00 Common", "{77EC3BAD-F19B-4C6E-BEB8-8BA0FB9908F4}"
EndProject
Project("{FAE04EC0-301F-11D3-BF4B-00C04F79EFBC}") = "FBC.Northwind.BusinessInterfaces", "FBC.Northwind.BusinessInterfaces\FBC.Northwind.BusinessInterfaces.csproj", "{D59D9735-0E26-48FC-9CAC-8EB1688350E7}"
EndProject
Project("{FAE04EC0-301F-11D3-BF4B-00C04F79EFBC}") = "FBC.Northwind.RepositoryInterfaces", "FBC.Northwind.RepositoryInterfaces\FBC.Northwind.RepositoryInterfaces.csproj", "{0E2C1973-762D-47F8-8E8D-5F58E428B93A}"
EndProject
Project("{FAE04EC0-301F-11D3-BF4B-00C04F79EFBC}") = "FBC.Northwind.Domain", "FBC.Northwind.Domain\FBC.Northwind.Domain.csproj", "{C98ACF76-F329-4090-BE9A-F85BC2505E63}"
EndProject
Project("{FAE04EC0-301F-11D3-BF4B-00C04F79EFBC}") = "FBC.Northwind.DependencyResolverWeb", "FBC.Northwind.DependencyResolverWeb\FBC.Northwind.DependencyResolverWeb.csproj", "{F707FAF8-0F65-41B2-9786-958BA142F138}"
EndProject
Project("{FAE04EC0-301F-11D3-BF4B-00C04F79EFBC}") = "FBC.Northwind.Data", "FBC.Northwind.Data\FBC.Northwind.Data.csproj", "{18CDA4DD-F894-4FD7-AFBB-D118E5330B1B}"
EndProject
Project("{FAE04EC0-301F-11D3-BF4B-00C04F79EFBC}") = "FBC.Northwind.Business", "FBC.Northwind.Business\FBC.Northwind.Business.csproj", "{22306A09-DBFF-4BFE-80EE-69621D309A22}"
EndProject
Project("{FAE04EC0-301F-11D3-BF4B-00C04F79EFBC}") = "FBC.Northwind.Common", "FBC.Northwind.Common\FBC.Northwind.Common.csproj", "{E68DE5AB-C866-4F42-9786-23A560E08E58}"
EndProject
Project("{2150E333-8FDC-42A3-9474-1A3956D46DE8}") = "Business Dependencies", "Business Dependencies", "{87BEF4B2-44B4-4BE7-80C7-833193983AC4}"
EndProject
Project("{2150E333-8FDC-42A3-9474-1A3956D46DE8}") = "Data Dependencies", "Data Dependencies", "{4C31E618-681C-4F47-BE97-17CFEAEBC34D}"
EndProject
Global
	GlobalSection(SolutionConfigurationPlatforms) = preSolution
		Debug|Any CPU = Debug|Any CPU
		Release|Any CPU = Release|Any CPU
	EndGlobalSection
	GlobalSection(ProjectConfigurationPlatforms) = postSolution
		{0BB97FCC-9930-4264-838B-9D4FE973DDAA}.Debug|Any CPU.ActiveCfg = Debug|Any CPU
		{0BB97FCC-9930-4264-838B-9D4FE973DDAA}.Debug|Any CPU.Build.0 = Debug|Any CPU
		{0BB97FCC-9930-4264-838B-9D4FE973DDAA}.Release|Any CPU.ActiveCfg = Release|Any CPU
		{0BB97FCC-9930-4264-838B-9D4FE973DDAA}.Release|Any CPU.Build.0 = Release|Any CPU
		{FF918D37-F2EC-4C6C-B1A6-D687031A35C0}.Debug|Any CPU.ActiveCfg = Debug|Any CPU
		{FF918D37-F2EC-4C6C-B1A6-D687031A35C0}.Debug|Any CPU.Build.0 = Debug|Any CPU
		{FF918D37-F2EC-4C6C-B1A6-D687031A35C0}.Release|Any CPU.ActiveCfg = Release|Any CPU
		{FF918D37-F2EC-4C6C-B1A6-D687031A35C0}.Release|Any CPU.Build.0 = Release|Any CPU
		{D59D9735-0E26-48FC-9CAC-8EB1688350E7}.Debug|Any CPU.ActiveCfg = Debug|Any CPU
		{D59D9735-0E26-48FC-9CAC-8EB1688350E7}.Debug|Any CPU.Build.0 = Debug|Any CPU
		{D59D9735-0E26-48FC-9CAC-8EB1688350E7}.Release|Any CPU.ActiveCfg = Release|Any CPU
		{D59D9735-0E26-48FC-9CAC-8EB1688350E7}.Release|Any CPU.Build.0 = Release|Any CPU
		{0E2C1973-762D-47F8-8E8D-5F58E428B93A}.Debug|Any CPU.ActiveCfg = Debug|Any CPU
		{0E2C1973-762D-47F8-8E8D-5F58E428B93A}.Debug|Any CPU.Build.0 = Debug|Any CPU
		{0E2C1973-762D-47F8-8E8D-5F58E428B93A}.Release|Any CPU.ActiveCfg = Release|Any CPU
		{0E2C1973-762D-47F8-8E8D-5F58E428B93A}.Release|Any CPU.Build.0 = Release|Any CPU
		{C98ACF76-F329-4090-BE9A-F85BC2505E63}.Debug|Any CPU.ActiveCfg = Debug|Any CPU
		{C98ACF76-F329-4090-BE9A-F85BC2505E63}.Debug|Any CPU.Build.0 = Debug|Any CPU
		{C98ACF76-F329-4090-BE9A-F85BC2505E63}.Release|Any CPU.ActiveCfg = Release|Any CPU
		{C98ACF76-F329-4090-BE9A-F85BC2505E63}.Release|Any CPU.Build.0 = Release|Any CPU
		{F707FAF8-0F65-41B2-9786-958BA142F138}.Debug|Any CPU.ActiveCfg = Debug|Any CPU
		{F707FAF8-0F65-41B2-9786-958BA142F138}.Debug|Any CPU.Build.0 = Debug|Any CPU
		{F707FAF8-0F65-41B2-9786-958BA142F138}.Release|Any CPU.ActiveCfg = Release|Any CPU
		{F707FAF8-0F65-41B2-9786-958BA142F138}.Release|Any CPU.Build.0 = Release|Any CPU
		{18CDA4DD-F894-4FD7-AFBB-D118E5330B1B}.Debug|Any CPU.ActiveCfg = Debug|Any CPU
		{18CDA4DD-F894-4FD7-AFBB-D118E5330B1B}.Debug|Any CPU.Build.0 = Debug|Any CPU
		{18CDA4DD-F894-4FD7-AFBB-D118E5330B1B}.Release|Any CPU.ActiveCfg = Release|Any CPU
		{18CDA4DD-F894-4FD7-AFBB-D118E5330B1B}.Release|Any CPU.Build.0 = Release|Any CPU
		{22306A09-DBFF-4BFE-80EE-69621D309A22}.Debug|Any CPU.ActiveCfg = Debug|Any CPU
		{22306A09-DBFF-4BFE-80EE-69621D309A22}.Debug|Any CPU.Build.0 = Debug|Any CPU
		{22306A09-DBFF-4BFE-80EE-69621D309A22}.Release|Any CPU.ActiveCfg = Release|Any CPU
		{22306A09-DBFF-4BFE-80EE-69621D309A22}.Release|Any CPU.Build.0 = Release|Any CPU
		{E68DE5AB-C866-4F42-9786-23A560E08E58}.Debug|Any CPU.ActiveCfg = Debug|Any CPU
		{E68DE5AB-C866-4F42-9786-23A560E08E58}.Debug|Any CPU.Build.0 = Debug|Any CPU
		{E68DE5AB-C866-4F42-9786-23A560E08E58}.Release|Any CPU.ActiveCfg = Release|Any CPU
		{E68DE5AB-C866-4F42-9786-23A560E08E58}.Release|Any CPU.Build.0 = Release|Any CPU
	EndGlobalSection
	GlobalSection(SolutionProperties) = preSolution
		HideSolutionNode = FALSE
	EndGlobalSection
	GlobalSection(NestedProjects) = preSolution
		{0BB97FCC-9930-4264-838B-9D4FE973DDAA} = {CA16AD14-BB25-42DC-AEC6-BD8C1980A23A}
		{FF918D37-F2EC-4C6C-B1A6-D687031A35C0} = {CA16AD14-BB25-42DC-AEC6-BD8C1980A23A}
		{D59D9735-0E26-48FC-9CAC-8EB1688350E7} = {864EB9F3-DA5A-44FE-A258-A910AA7C83B7}
		{0E2C1973-762D-47F8-8E8D-5F58E428B93A} = {8DF604B4-B8C3-48A6-8E5C-DFD1AC91C18B}
		{C98ACF76-F329-4090-BE9A-F85BC2505E63} = {716FA5DF-6284-4EA2-A58E-4D12DF80A56A}
		{F707FAF8-0F65-41B2-9786-958BA142F138} = {FEDFEE20-E9C4-4AE9-A03B-1102E6410D4C}
		{18CDA4DD-F894-4FD7-AFBB-D118E5330B1B} = {4C31E618-681C-4F47-BE97-17CFEAEBC34D}
		{22306A09-DBFF-4BFE-80EE-69621D309A22} = {87BEF4B2-44B4-4BE7-80C7-833193983AC4}
		{E68DE5AB-C866-4F42-9786-23A560E08E58} = {77EC3BAD-F19B-4C6E-BEB8-8BA0FB9908F4}
		{87BEF4B2-44B4-4BE7-80C7-833193983AC4} = {3F73FF24-BE0C-463E-BDCF-9BA93CD90E5C}
		{4C31E618-681C-4F47-BE97-17CFEAEBC34D} = {3F73FF24-BE0C-463E-BDCF-9BA93CD90E5C}
	EndGlobalSection
EndGlobal
